
Microsoft Visual Studio Solution File, Format Version 12.00
# Visual Studio Version 17
VisualStudioVersion = 17.12.35514.174 d17.12
MinimumVisualStudioVersion = 10.0.40219.1
Project("{FAE04EC0-301F-11D3-BF4B-00C04F79EFBC}") = "memocansınavhazırlık", "memocansınavhazırlık\memocansınavhazırlık.csproj", "{CE24A91E-5312-4B4D-AF35-B5FBEB07312A}"
EndProject
Global
	GlobalSection(SolutionConfigurationPlatforms) = preSolution
		Debug|Any CPU = Debug|Any CPU
		Release|Any CPU = Release|Any CPU
	EndGlobalSection
	GlobalSection(ProjectConfigurationPlatforms) = postSolution
		{CE24A91E-5312-4B4D-AF35-B5FBEB07312A}.Debug|Any CPU.ActiveCfg = Debug|Any CPU
		{CE24A91E-5312-4B4D-AF35-B5FBEB07312A}.Debug|Any CPU.Build.0 = Debug|Any CPU
		{CE24A91E-5312-4B4D-AF35-B5FBEB07312A}.Release|Any CPU.ActiveCfg = Release|Any CPU
		{CE24A91E-5312-4B4D-AF35-B5FBEB07312A}.Release|Any CPU.Build.0 = Release|Any CPU
	EndGlobalSection
	GlobalSection(SolutionProperties) = preSolution
		HideSolutionNode = FALSE
	EndGlobalSection
EndGlobal
