
Microsoft Visual Studio Solution File, Format Version 12.00
# Visual Studio Version 17
VisualStudioVersion = 17.12.35514.174 d17.12
MinimumVisualStudioVersion = 10.0.40219.1
Project("{FAE04EC0-301F-11D3-BF4B-00C04F79EFBC}") = "konsol sıra sizde class", "konsol sıra sizde class\konsol sıra sizde class.csproj", "{CF0DC2EA-62EE-4D6D-B609-929D21FFAC8F}"
EndProject
Global
	GlobalSection(SolutionConfigurationPlatforms) = preSolution
		Debug|Any CPU = Debug|Any CPU
		Release|Any CPU = Release|Any CPU
	EndGlobalSection
	GlobalSection(ProjectConfigurationPlatforms) = postSolution
		{CF0DC2EA-62EE-4D6D-B609-929D21FFAC8F}.Debug|Any CPU.ActiveCfg = Debug|Any CPU
		{CF0DC2EA-62EE-4D6D-B609-929D21FFAC8F}.Debug|Any CPU.Build.0 = Debug|Any CPU
		{CF0DC2EA-62EE-4D6D-B609-929D21FFAC8F}.Release|Any CPU.ActiveCfg = Release|Any CPU
		{CF0DC2EA-62EE-4D6D-B609-929D21FFAC8F}.Release|Any CPU.Build.0 = Release|Any CPU
	EndGlobalSection
	GlobalSection(SolutionProperties) = preSolution
		HideSolutionNode = FALSE
	EndGlobalSection
EndGlobal
